
Microsoft Visual Studio Solution File, Format Version 12.00
# Visual Studio Version 17
VisualStudioVersion = 17.9.34616.47
MinimumVisualStudioVersion = 10.0.40219.1
Project("{9A19103F-16F7-4668-BE54-9A1E7A4F7556}") = "AEL.API", "AEL.API.csproj", "{5865B3D6-C19D-476E-9900-FA8F1D468060}"
EndProject
Project("{FAE04EC0-301F-11D3-BF4B-00C04F79EFBC}") = "AEL.Application", "..\AEL.Application\AEL.Application.csproj", "{D470396D-83DE-45D7-9382-1EB31F740605}"
EndProject
Project("{FAE04EC0-301F-11D3-BF4B-00C04F79EFBC}") = "AEL.Domain", "..\AEL.Domain\AEL.Domain.csproj", "{BC7B28A5-EED1-43B7-8120-FEEE2AA7A89C}"
EndProject
Project("{FAE04EC0-301F-11D3-BF4B-00C04F79EFBC}") = "AEL.Infrastructure", "..\AEL.Infrastructure\AEL.Infrastructure.csproj", "{B2D79DA9-5E0A-4C61-ABF1-5033753AD78F}"
EndProject
Project("{FAE04EC0-301F-11D3-BF4B-00C04F79EFBC}") = "AEL.Tests", "..\AEL.Tests\AEL.Tests.csproj", "{BD966A75-9CA8-4260-8A48-0B0FBAA02935}"
EndProject
Global
	GlobalSection(SolutionConfigurationPlatforms) = preSolution
		Debug|Any CPU = Debug|Any CPU
		Release|Any CPU = Release|Any CPU
	EndGlobalSection
	GlobalSection(ProjectConfigurationPlatforms) = postSolution
		{5865B3D6-C19D-476E-9900-FA8F1D468060}.Debug|Any CPU.ActiveCfg = Debug|Any CPU
		{5865B3D6-C19D-476E-9900-FA8F1D468060}.Debug|Any CPU.Build.0 = Debug|Any CPU
		{5865B3D6-C19D-476E-9900-FA8F1D468060}.Release|Any CPU.ActiveCfg = Release|Any CPU
		{5865B3D6-C19D-476E-9900-FA8F1D468060}.Release|Any CPU.Build.0 = Release|Any CPU
		{D470396D-83DE-45D7-9382-1EB31F740605}.Debug|Any CPU.ActiveCfg = Debug|Any CPU
		{D470396D-83DE-45D7-9382-1EB31F740605}.Debug|Any CPU.Build.0 = Debug|Any CPU
		{D470396D-83DE-45D7-9382-1EB31F740605}.Release|Any CPU.ActiveCfg = Release|Any CPU
		{D470396D-83DE-45D7-9382-1EB31F740605}.Release|Any CPU.Build.0 = Release|Any CPU
		{BC7B28A5-EED1-43B7-8120-FEEE2AA7A89C}.Debug|Any CPU.ActiveCfg = Debug|Any CPU
		{BC7B28A5-EED1-43B7-8120-FEEE2AA7A89C}.Debug|Any CPU.Build.0 = Debug|Any CPU
		{BC7B28A5-EED1-43B7-8120-FEEE2AA7A89C}.Release|Any CPU.ActiveCfg = Release|Any CPU
		{BC7B28A5-EED1-43B7-8120-FEEE2AA7A89C}.Release|Any CPU.Build.0 = Release|Any CPU
		{B2D79DA9-5E0A-4C61-ABF1-5033753AD78F}.Debug|Any CPU.ActiveCfg = Debug|Any CPU
		{B2D79DA9-5E0A-4C61-ABF1-5033753AD78F}.Debug|Any CPU.Build.0 = Debug|Any CPU
		{B2D79DA9-5E0A-4C61-ABF1-5033753AD78F}.Release|Any CPU.ActiveCfg = Release|Any CPU
		{B2D79DA9-5E0A-4C61-ABF1-5033753AD78F}.Release|Any CPU.Build.0 = Release|Any CPU
		{BD966A75-9CA8-4260-8A48-0B0FBAA02935}.Debug|Any CPU.ActiveCfg = Debug|Any CPU
		{BD966A75-9CA8-4260-8A48-0B0FBAA02935}.Debug|Any CPU.Build.0 = Debug|Any CPU
		{BD966A75-9CA8-4260-8A48-0B0FBAA02935}.Release|Any CPU.ActiveCfg = Release|Any CPU
		{BD966A75-9CA8-4260-8A48-0B0FBAA02935}.Release|Any CPU.Build.0 = Release|Any CPU
	EndGlobalSection
	GlobalSection(SolutionProperties) = preSolution
		HideSolutionNode = FALSE
	EndGlobalSection
	GlobalSection(ExtensibilityGlobals) = postSolution
		SolutionGuid = {10B79C4A-07CD-4A62-B850-C1488D9FC123}
	EndGlobalSection
EndGlobal
